
Microsoft Visual Studio Solution File, Format Version 12.00
# Visual Studio Version 16
VisualStudioVersion = 16.0.30011.22
MinimumVisualStudioVersion = 10.0.40219.1
Project("{FAE04EC0-301F-11D3-BF4B-00C04F79EFBC}") = "HealthCareMobileApp.Android", "HealthCareMobileApp\HealthCareMobileApp.Android\HealthCareMobileApp.Android.csproj", "{5EB1414E-2A4D-4E5C-8F4A-CB036D9FB64E}"
EndProject
Project("{FAE04EC0-301F-11D3-BF4B-00C04F79EFBC}") = "HealthCareMobileApp.iOS", "HealthCareMobileApp\HealthCareMobileApp.iOS\HealthCareMobileApp.iOS.csproj", "{EDC2940F-9CC3-4A2A-9F9D-C9597CFF64B9}"
EndProject
Project("{9A19103F-16F7-4668-BE54-9A1E7A4F7556}") = "HealthCareMobileApp", "HealthCareMobileApp\HealthCareMobileApp\HealthCareMobileApp.csproj", "{ABDB570A-9803-451B-87A2-63DAD490C27F}"
EndProject
Global
	GlobalSection(SolutionConfigurationPlatforms) = preSolution
		Debug|Any CPU = Debug|Any CPU
		Debug|iPhone = Debug|iPhone
		Debug|iPhoneSimulator = Debug|iPhoneSimulator
		Release|Any CPU = Release|Any CPU
		Release|iPhone = Release|iPhone
		Release|iPhoneSimulator = Release|iPhoneSimulator
	EndGlobalSection
	GlobalSection(ProjectConfigurationPlatforms) = postSolution
		{5EB1414E-2A4D-4E5C-8F4A-CB036D9FB64E}.Debug|Any CPU.ActiveCfg = Debug|Any CPU
		{5EB1414E-2A4D-4E5C-8F4A-CB036D9FB64E}.Debug|Any CPU.Build.0 = Debug|Any CPU
		{5EB1414E-2A4D-4E5C-8F4A-CB036D9FB64E}.Debug|Any CPU.Deploy.0 = Debug|Any CPU
		{5EB1414E-2A4D-4E5C-8F4A-CB036D9FB64E}.Debug|iPhone.ActiveCfg = Debug|Any CPU
		{5EB1414E-2A4D-4E5C-8F4A-CB036D9FB64E}.Debug|iPhone.Build.0 = Debug|Any CPU
		{5EB1414E-2A4D-4E5C-8F4A-CB036D9FB64E}.Debug|iPhone.Deploy.0 = Debug|Any CPU
		{5EB1414E-2A4D-4E5C-8F4A-CB036D9FB64E}.Debug|iPhoneSimulator.ActiveCfg = Debug|Any CPU
		{5EB1414E-2A4D-4E5C-8F4A-CB036D9FB64E}.Debug|iPhoneSimulator.Build.0 = Debug|Any CPU
		{5EB1414E-2A4D-4E5C-8F4A-CB036D9FB64E}.Debug|iPhoneSimulator.Deploy.0 = Debug|Any CPU
		{5EB1414E-2A4D-4E5C-8F4A-CB036D9FB64E}.Release|Any CPU.ActiveCfg = Release|Any CPU
		{5EB1414E-2A4D-4E5C-8F4A-CB036D9FB64E}.Release|Any CPU.Build.0 = Release|Any CPU
		{5EB1414E-2A4D-4E5C-8F4A-CB036D9FB64E}.Release|Any CPU.Deploy.0 = Release|Any CPU
		{5EB1414E-2A4D-4E5C-8F4A-CB036D9FB64E}.Release|iPhone.ActiveCfg = Release|Any CPU
		{5EB1414E-2A4D-4E5C-8F4A-CB036D9FB64E}.Release|iPhone.Build.0 = Release|Any CPU
		{5EB1414E-2A4D-4E5C-8F4A-CB036D9FB64E}.Release|iPhone.Deploy.0 = Release|Any CPU
		{5EB1414E-2A4D-4E5C-8F4A-CB036D9FB64E}.Release|iPhoneSimulator.ActiveCfg = Release|Any CPU
		{5EB1414E-2A4D-4E5C-8F4A-CB036D9FB64E}.Release|iPhoneSimulator.Build.0 = Release|Any CPU
		{5EB1414E-2A4D-4E5C-8F4A-CB036D9FB64E}.Release|iPhoneSimulator.Deploy.0 = Release|Any CPU
		{EDC2940F-9CC3-4A2A-9F9D-C9597CFF64B9}.Debug|Any CPU.ActiveCfg = Debug|iPhone
		{EDC2940F-9CC3-4A2A-9F9D-C9597CFF64B9}.Debug|Any CPU.Build.0 = Debug|iPhone
		{EDC2940F-9CC3-4A2A-9F9D-C9597CFF64B9}.Debug|Any CPU.Deploy.0 = Debug|iPhone
		{EDC2940F-9CC3-4A2A-9F9D-C9597CFF64B9}.Debug|iPhone.ActiveCfg = Debug|iPhone
		{EDC2940F-9CC3-4A2A-9F9D-C9597CFF64B9}.Debug|iPhone.Build.0 = Debug|iPhone
		{EDC2940F-9CC3-4A2A-9F9D-C9597CFF64B9}.Debug|iPhone.Deploy.0 = Debug|iPhone
		{EDC2940F-9CC3-4A2A-9F9D-C9597CFF64B9}.Debug|iPhoneSimulator.ActiveCfg = Debug|iPhoneSimulator
		{EDC2940F-9CC3-4A2A-9F9D-C9597CFF64B9}.Debug|iPhoneSimulator.Build.0 = Debug|iPhoneSimulator
		{EDC2940F-9CC3-4A2A-9F9D-C9597CFF64B9}.Debug|iPhoneSimulator.Deploy.0 = Debug|iPhoneSimulator
		{EDC2940F-9CC3-4A2A-9F9D-C9597CFF64B9}.Release|Any CPU.ActiveCfg = Release|iPhone
		{EDC2940F-9CC3-4A2A-9F9D-C9597CFF64B9}.Release|Any CPU.Build.0 = Release|iPhone
		{EDC2940F-9CC3-4A2A-9F9D-C9597CFF64B9}.Release|Any CPU.Deploy.0 = Release|iPhone
		{EDC2940F-9CC3-4A2A-9F9D-C9597CFF64B9}.Release|iPhone.ActiveCfg = Release|iPhone
		{EDC2940F-9CC3-4A2A-9F9D-C9597CFF64B9}.Release|iPhone.Build.0 = Release|iPhone
		{EDC2940F-9CC3-4A2A-9F9D-C9597CFF64B9}.Release|iPhone.Deploy.0 = Release|iPhone
		{EDC2940F-9CC3-4A2A-9F9D-C9597CFF64B9}.Release|iPhoneSimulator.ActiveCfg = Release|iPhoneSimulator
		{EDC2940F-9CC3-4A2A-9F9D-C9597CFF64B9}.Release|iPhoneSimulator.Build.0 = Release|iPhoneSimulator
		{EDC2940F-9CC3-4A2A-9F9D-C9597CFF64B9}.Release|iPhoneSimulator.Deploy.0 = Release|iPhoneSimulator
		{ABDB570A-9803-451B-87A2-63DAD490C27F}.Debug|Any CPU.ActiveCfg = Debug|Any CPU
		{ABDB570A-9803-451B-87A2-63DAD490C27F}.Debug|Any CPU.Build.0 = Debug|Any CPU
		{ABDB570A-9803-451B-87A2-63DAD490C27F}.Debug|Any CPU.Deploy.0 = Debug|Any CPU
		{ABDB570A-9803-451B-87A2-63DAD490C27F}.Debug|iPhone.ActiveCfg = Debug|Any CPU
		{ABDB570A-9803-451B-87A2-63DAD490C27F}.Debug|iPhone.Build.0 = Debug|Any CPU
		{ABDB570A-9803-451B-87A2-63DAD490C27F}.Debug|iPhone.Deploy.0 = Debug|Any CPU
		{ABDB570A-9803-451B-87A2-63DAD490C27F}.Debug|iPhoneSimulator.ActiveCfg = Debug|Any CPU
		{ABDB570A-9803-451B-87A2-63DAD490C27F}.Debug|iPhoneSimulator.Build.0 = Debug|Any CPU
		{ABDB570A-9803-451B-87A2-63DAD490C27F}.Debug|iPhoneSimulator.Deploy.0 = Debug|Any CPU
		{ABDB570A-9803-451B-87A2-63DAD490C27F}.Release|Any CPU.ActiveCfg = Release|Any CPU
		{ABDB570A-9803-451B-87A2-63DAD490C27F}.Release|Any CPU.Build.0 = Release|Any CPU
		{ABDB570A-9803-451B-87A2-63DAD490C27F}.Release|Any CPU.Deploy.0 = Release|Any CPU
		{ABDB570A-9803-451B-87A2-63DAD490C27F}.Release|iPhone.ActiveCfg = Release|Any CPU
		{ABDB570A-9803-451B-87A2-63DAD490C27F}.Release|iPhone.Build.0 = Release|Any CPU
		{ABDB570A-9803-451B-87A2-63DAD490C27F}.Release|iPhone.Deploy.0 = Release|Any CPU
		{ABDB570A-9803-451B-87A2-63DAD490C27F}.Release|iPhoneSimulator.ActiveCfg = Release|Any CPU
		{ABDB570A-9803-451B-87A2-63DAD490C27F}.Release|iPhoneSimulator.Build.0 = Release|Any CPU
		{ABDB570A-9803-451B-87A2-63DAD490C27F}.Release|iPhoneSimulator.Deploy.0 = Release|Any CPU
	EndGlobalSection
	GlobalSection(SolutionProperties) = preSolution
		HideSolutionNode = FALSE
	EndGlobalSection
	GlobalSection(ExtensibilityGlobals) = postSolution
		SolutionGuid = {080EF15E-4923-47E1-94BC-F3F21138C205}
	EndGlobalSection
EndGlobal
